// !$*UTF8*$!
{
	archiveVersion = 1;
	classes = {
	};
	objectVersion = 50;
	objects = {

/* Begin PBXBuildFile section */
		A29251C0F6531BE15EE709CA /* Size.swift in Sources */ = {isa = PBXBuildFile; fileRef = A2925EDF2418069EDA8EC73E /* Size.swift */; };
		A2925214378870626DC000C0 /* HomePresenter.swift in Sources */ = {isa = PBXBuildFile; fileRef = A2925C70B327215F103A46A8 /* HomePresenter.swift */; };
		A2925302805DC381F9DDEB68 /* BindObjects.swift in Sources */ = {isa = PBXBuildFile; fileRef = A2925FAFDB2549DA55394F1D /* BindObjects.swift */; };
		A29253E2DBEA5D14A8B5AE9D /* Trash.swift in Sources */ = {isa = PBXBuildFile; fileRef = A292566F0C412B22AA089C7F /* Trash.swift */; };
		A292546AAF29E49A29BCE75E /* IAPHelper.swift in Sources */ = {isa = PBXBuildFile; fileRef = A2925F62217D98F487944D20 /* IAPHelper.swift */; };
		A29254A5F8B44BB0B882FF68 /* UIColor+Hex.swift in Sources */ = {isa = PBXBuildFile; fileRef = A29256E5059CAE70A330CEC6 /* UIColor+Hex.swift */; };
		A29254D7FBBF44F215DD06A7 /* SKProductCell.swift in Sources */ = {isa = PBXBuildFile; fileRef = A2925DEAAE4D3DF33F14A4C9 /* SKProductCell.swift */; };
		A29255182EB7858912D275D3 /* Stylesheet.swift in Sources */ = {isa = PBXBuildFile; fileRef = A2925B83F566F438F19ACEB2 /* Stylesheet.swift */; };
		A2925678FEA01BC5090B9D3F /* EmptyView.swift in Sources */ = {isa = PBXBuildFile; fileRef = A29256CE203C7A287AF694A9 /* EmptyView.swift */; };
		A2925774C37131538FB2329D /* HomeViewController.swift in Sources */ = {isa = PBXBuildFile; fileRef = A292505BF28D1A27F66F4A9A /* HomeViewController.swift */; };
		A2925B9178EC991D1B32737D /* HomeContract.swift in Sources */ = {isa = PBXBuildFile; fileRef = A2925113CBE83E5218A541B0 /* HomeContract.swift */; };
		A2925C0D9848BB023381CE41 /* SKProductSectionController.swift in Sources */ = {isa = PBXBuildFile; fileRef = A2925F54A1293BD35889B086 /* SKProductSectionController.swift */; };
		A2925C65A7630E16D04FE3FA /* HomeRoute.swift in Sources */ = {isa = PBXBuildFile; fileRef = A292509E4E787B0DA9F7190D /* HomeRoute.swift */; };
		A2925DD8195DD674506C2665 /* HomeInteractor.swift in Sources */ = {isa = PBXBuildFile; fileRef = A2925A01B6DA8E683FE9CCF2 /* HomeInteractor.swift */; };
		A2925E187230EAA6B5FAE20B /* SKProductViewModel.swift in Sources */ = {isa = PBXBuildFile; fileRef = A29255E3CA7E2143A24ABA05 /* SKProductViewModel.swift */; };
		A2925E36DEE2CF45B8D3B595 /* RootRoute.swift in Sources */ = {isa = PBXBuildFile; fileRef = A2925A48DB66DD80F5346D88 /* RootRoute.swift */; };
		A2925F00CF87F301D911ABC6 /* ListHelper.swift in Sources */ = {isa = PBXBuildFile; fileRef = A29258F185BD45AACCAAF0E1 /* ListHelper.swift */; };
		F94C167D23DEDE570012B31C /* AppDelegate.swift in Sources */ = {isa = PBXBuildFile; fileRef = F94C167C23DEDE570012B31C /* AppDelegate.swift */; };
		F94C167F23DEDE570012B31C /* SceneDelegate.swift in Sources */ = {isa = PBXBuildFile; fileRef = F94C167E23DEDE570012B31C /* SceneDelegate.swift */; };
		F94C168623DEDE590012B31C /* Assets.xcassets in Resources */ = {isa = PBXBuildFile; fileRef = F94C168523DEDE590012B31C /* Assets.xcassets */; };
		F94C168923DEDE590012B31C /* LaunchScreen.storyboard in Resources */ = {isa = PBXBuildFile; fileRef = F94C168723DEDE590012B31C /* LaunchScreen.storyboard */; };
		F94C169423DEDE590012B31C /* demoTests.swift in Sources */ = {isa = PBXBuildFile; fileRef = F94C169323DEDE590012B31C /* demoTests.swift */; };
		F94C169F23DEDE590012B31C /* demoUITests.swift in Sources */ = {isa = PBXBuildFile; fileRef = F94C169E23DEDE590012B31C /* demoUITests.swift */; };
		F94C16B323DEF3AE0012B31C /* IGListKit.framework in Frameworks */ = {isa = PBXBuildFile; fileRef = F94C16B223DEF3AE0012B31C /* IGListKit.framework */; };
		F94C16B423DEF3AE0012B31C /* IGListKit.framework in Embed Frameworks */ = {isa = PBXBuildFile; fileRef = F94C16B223DEF3AE0012B31C /* IGListKit.framework */; settings = {ATTRIBUTES = (CodeSignOnCopy, RemoveHeadersOnCopy, ); }; };
		F94C16B723DEF3B40012B31C /* SnapKit.framework in Frameworks */ = {isa = PBXBuildFile; fileRef = F94C16B623DEF3B40012B31C /* SnapKit.framework */; };
		F94C16B823DEF3B40012B31C /* SnapKit.framework in Embed Frameworks */ = {isa = PBXBuildFile; fileRef = F94C16B623DEF3B40012B31C /* SnapKit.framework */; settings = {ATTRIBUTES = (CodeSignOnCopy, RemoveHeadersOnCopy, ); }; };
		F94C16BB23DEF5550012B31C /* IGListDiffKit.framework in Frameworks */ = {isa = PBXBuildFile; fileRef = F94C16BA23DEF5550012B31C /* IGListDiffKit.framework */; };
		F94C16BC23DEF5550012B31C /* IGListDiffKit.framework in Embed Frameworks */ = {isa = PBXBuildFile; fileRef = F94C16BA23DEF5550012B31C /* IGListDiffKit.framework */; settings = {ATTRIBUTES = (CodeSignOnCopy, RemoveHeadersOnCopy, ); }; };
		F94C16C023DF71ED0012B31C /* Atributika.framework in Frameworks */ = {isa = PBXBuildFile; fileRef = F94C16BF23DF71ED0012B31C /* Atributika.framework */; };
		F94C16C123DF71ED0012B31C /* Atributika.framework in Embed Frameworks */ = {isa = PBXBuildFile; fileRef = F94C16BF23DF71ED0012B31C /* Atributika.framework */; settings = {ATTRIBUTES = (CodeSignOnCopy, RemoveHeadersOnCopy, ); }; };
/* End PBXBuildFile section */

/* Begin PBXContainerItemProxy section */
		F94C169023DEDE590012B31C /* PBXContainerItemProxy */ = {
			isa = PBXContainerItemProxy;
			containerPortal = F94C167123DEDE570012B31C /* Project object */;
			proxyType = 1;
			remoteGlobalIDString = F94C167823DEDE570012B31C;
			remoteInfo = demo;
		};
		F94C169B23DEDE590012B31C /* PBXContainerItemProxy */ = {
			isa = PBXContainerItemProxy;
			containerPortal = F94C167123DEDE570012B31C /* Project object */;
			proxyType = 1;
			remoteGlobalIDString = F94C167823DEDE570012B31C;
			remoteInfo = demo;
		};
/* End PBXContainerItemProxy section */

/* Begin PBXCopyFilesBuildPhase section */
		F94C16B523DEF3AE0012B31C /* Embed Frameworks */ = {
			isa = PBXCopyFilesBuildPhase;
			buildActionMask = 2147483647;
			dstPath = "";
			dstSubfolderSpec = 10;
			files = (
				F94C16C123DF71ED0012B31C /* Atributika.framework in Embed Frameworks */,
				F94C16B423DEF3AE0012B31C /* IGListKit.framework in Embed Frameworks */,
				F94C16B823DEF3B40012B31C /* SnapKit.framework in Embed Frameworks */,
				F94C16BC23DEF5550012B31C /* IGListDiffKit.framework in Embed Frameworks */,
			);
			name = "Embed Frameworks";
			runOnlyForDeploymentPostprocessing = 0;
		};
/* End PBXCopyFilesBuildPhase section */

/* Begin PBXFileReference section */
		A292505BF28D1A27F66F4A9A /* HomeViewController.swift */ = {isa = PBXFileReference; fileEncoding = 4; lastKnownFileType = sourcecode.swift; path = HomeViewController.swift; sourceTree = "<group>"; };
		A292509E4E787B0DA9F7190D /* HomeRoute.swift */ = {isa = PBXFileReference; fileEncoding = 4; lastKnownFileType = sourcecode.swift; path = HomeRoute.swift; sourceTree = "<group>"; };
		A2925113CBE83E5218A541B0 /* HomeContract.swift */ = {isa = PBXFileReference; fileEncoding = 4; lastKnownFileType = sourcecode.swift; path = HomeContract.swift; sourceTree = "<group>"; };
		A29255E3CA7E2143A24ABA05 /* SKProductViewModel.swift */ = {isa = PBXFileReference; fileEncoding = 4; lastKnownFileType = sourcecode.swift; path = SKProductViewModel.swift; sourceTree = "<group>"; };
		A292566F0C412B22AA089C7F /* Trash.swift */ = {isa = PBXFileReference; fileEncoding = 4; lastKnownFileType = sourcecode.swift; path = Trash.swift; sourceTree = "<group>"; };
		A29256CE203C7A287AF694A9 /* EmptyView.swift */ = {isa = PBXFileReference; fileEncoding = 4; lastKnownFileType = sourcecode.swift; path = EmptyView.swift; sourceTree = "<group>"; };
		A29256E5059CAE70A330CEC6 /* UIColor+Hex.swift */ = {isa = PBXFileReference; fileEncoding = 4; lastKnownFileType = sourcecode.swift; path = "UIColor+Hex.swift"; sourceTree = "<group>"; };
		A29258F185BD45AACCAAF0E1 /* ListHelper.swift */ = {isa = PBXFileReference; fileEncoding = 4; lastKnownFileType = sourcecode.swift; path = ListHelper.swift; sourceTree = "<group>"; };
		A2925A01B6DA8E683FE9CCF2 /* HomeInteractor.swift */ = {isa = PBXFileReference; fileEncoding = 4; lastKnownFileType = sourcecode.swift; path = HomeInteractor.swift; sourceTree = "<group>"; };
		A2925A48DB66DD80F5346D88 /* RootRoute.swift */ = {isa = PBXFileReference; fileEncoding = 4; lastKnownFileType = sourcecode.swift; path = RootRoute.swift; sourceTree = "<group>"; };
		A2925B83F566F438F19ACEB2 /* Stylesheet.swift */ = {isa = PBXFileReference; fileEncoding = 4; lastKnownFileType = sourcecode.swift; path = Stylesheet.swift; sourceTree = "<group>"; };
		A2925C70B327215F103A46A8 /* HomePresenter.swift */ = {isa = PBXFileReference; fileEncoding = 4; lastKnownFileType = sourcecode.swift; path = HomePresenter.swift; sourceTree = "<group>"; };
		A2925DEAAE4D3DF33F14A4C9 /* SKProductCell.swift */ = {isa = PBXFileReference; fileEncoding = 4; lastKnownFileType = sourcecode.swift; path = SKProductCell.swift; sourceTree = "<group>"; };
		A2925EDF2418069EDA8EC73E /* Size.swift */ = {isa = PBXFileReference; fileEncoding = 4; lastKnownFileType = sourcecode.swift; path = Size.swift; sourceTree = "<group>"; };
		A2925F54A1293BD35889B086 /* SKProductSectionController.swift */ = {isa = PBXFileReference; fileEncoding = 4; lastKnownFileType = sourcecode.swift; path = SKProductSectionController.swift; sourceTree = "<group>"; };
		A2925F62217D98F487944D20 /* IAPHelper.swift */ = {isa = PBXFileReference; fileEncoding = 4; lastKnownFileType = sourcecode.swift; path = IAPHelper.swift; sourceTree = "<group>"; };
		A2925FAFDB2549DA55394F1D /* BindObjects.swift */ = {isa = PBXFileReference; fileEncoding = 4; lastKnownFileType = sourcecode.swift; path = BindObjects.swift; sourceTree = "<group>"; };
		F94C167923DEDE570012B31C /* demo.app */ = {isa = PBXFileReference; explicitFileType = wrapper.application; includeInIndex = 0; path = demo.app; sourceTree = BUILT_PRODUCTS_DIR; };
		F94C167C23DEDE570012B31C /* AppDelegate.swift */ = {isa = PBXFileReference; lastKnownFileType = sourcecode.swift; path = AppDelegate.swift; sourceTree = "<group>"; };
		F94C167E23DEDE570012B31C /* SceneDelegate.swift */ = {isa = PBXFileReference; lastKnownFileType = sourcecode.swift; path = SceneDelegate.swift; sourceTree = "<group>"; };
		F94C168523DEDE590012B31C /* Assets.xcassets */ = {isa = PBXFileReference; lastKnownFileType = folder.assetcatalog; path = Assets.xcassets; sourceTree = "<group>"; };
		F94C168823DEDE590012B31C /* Base */ = {isa = PBXFileReference; lastKnownFileType = file.storyboard; name = Base; path = Base.lproj/LaunchScreen.storyboard; sourceTree = "<group>"; };
		F94C168A23DEDE590012B31C /* Info.plist */ = {isa = PBXFileReference; lastKnownFileType = text.plist.xml; path = Info.plist; sourceTree = "<group>"; };
		F94C168F23DEDE590012B31C /* demoTests.xctest */ = {isa = PBXFileReference; explicitFileType = wrapper.cfbundle; includeInIndex = 0; path = demoTests.xctest; sourceTree = BUILT_PRODUCTS_DIR; };
		F94C169323DEDE590012B31C /* demoTests.swift */ = {isa = PBXFileReference; lastKnownFileType = sourcecode.swift; path = demoTests.swift; sourceTree = "<group>"; };
		F94C169523DEDE590012B31C /* Info.plist */ = {isa = PBXFileReference; lastKnownFileType = text.plist.xml; path = Info.plist; sourceTree = "<group>"; };
		F94C169A23DEDE590012B31C /* demoUITests.xctest */ = {isa = PBXFileReference; explicitFileType = wrapper.cfbundle; includeInIndex = 0; path = demoUITests.xctest; sourceTree = BUILT_PRODUCTS_DIR; };
		F94C169E23DEDE590012B31C /* demoUITests.swift */ = {isa = PBXFileReference; lastKnownFileType = sourcecode.swift; path = demoUITests.swift; sourceTree = "<group>"; };
		F94C16A023DEDE590012B31C /* Info.plist */ = {isa = PBXFileReference; lastKnownFileType = text.plist.xml; path = Info.plist; sourceTree = "<group>"; };
		F94C16B223DEF3AE0012B31C /* IGListKit.framework */ = {isa = PBXFileReference; lastKnownFileType = wrapper.framework; name = IGListKit.framework; path = Carthage/Build/iOS/IGListKit.framework; sourceTree = "<group>"; };
		F94C16B623DEF3B40012B31C /* SnapKit.framework */ = {isa = PBXFileReference; lastKnownFileType = wrapper.framework; name = SnapKit.framework; path = Carthage/Build/iOS/SnapKit.framework; sourceTree = "<group>"; };
		F94C16BA23DEF5550012B31C /* IGListDiffKit.framework */ = {isa = PBXFileReference; lastKnownFileType = wrapper.framework; name = IGListDiffKit.framework; path = Carthage/Build/iOS/IGListDiffKit.framework; sourceTree = "<group>"; };
		F94C16BF23DF71ED0012B31C /* Atributika.framework */ = {isa = PBXFileReference; lastKnownFileType = wrapper.framework; name = Atributika.framework; path = Carthage/Build/iOS/Atributika.framework; sourceTree = "<group>"; };
/* End PBXFileReference section */

/* Begin PBXFrameworksBuildPhase section */
		F94C167623DEDE570012B31C /* Frameworks */ = {
			isa = PBXFrameworksBuildPhase;
			buildActionMask = 2147483647;
			files = (
				F94C16C023DF71ED0012B31C /* Atributika.framework in Frameworks */,
				F94C16B323DEF3AE0012B31C /* IGListKit.framework in Frameworks */,
				F94C16B723DEF3B40012B31C /* SnapKit.framework in Frameworks */,
				F94C16BB23DEF5550012B31C /* IGListDiffKit.framework in Frameworks */,
			);
			runOnlyForDeploymentPostprocessing = 0;
		};
		F94C168C23DEDE590012B31C /* Frameworks */ = {
			isa = PBXFrameworksBuildPhase;
			buildActionMask = 2147483647;
			files = (
			);
			runOnlyForDeploymentPostprocessing = 0;
		};
		F94C169723DEDE590012B31C /* Frameworks */ = {
			isa = PBXFrameworksBuildPhase;
			buildActionMask = 2147483647;
			files = (
			);
			runOnlyForDeploymentPostprocessing = 0;
		};
/* End PBXFrameworksBuildPhase section */

/* Begin PBXGroup section */
		A292517B062F10FBF8E72A84 /* Home */ = {
			isa = PBXGroup;
			children = (
				F94C16AE23DEED8D0012B31C /* Contract */,
				A292526F98DE714291CF31DD /* Route */,
				A292594F0F2D9850854A3E78 /* Interactor */,
				A292578E0A676345CA74E556 /* View */,
				A29257ED9764537FF9E000B5 /* Presenter */,
			);
			path = Home;
			sourceTree = "<group>";
		};
		A292526F98DE714291CF31DD /* Route */ = {
			isa = PBXGroup;
			children = (
				A292509E4E787B0DA9F7190D /* HomeRoute.swift */,
			);
			path = Route;
			sourceTree = "<group>";
		};
		A2925664AB66E04D30DE71CE /* Lib */ = {
			isa = PBXGroup;
			children = (
				A2925FAFDB2549DA55394F1D /* BindObjects.swift */,
				A2925A48DB66DD80F5346D88 /* RootRoute.swift */,
			);
			path = Lib;
			sourceTree = "<group>";
		};
		A292578E0A676345CA74E556 /* View */ = {
			isa = PBXGroup;
			children = (
				A292505BF28D1A27F66F4A9A /* HomeViewController.swift */,
				A2925F54A1293BD35889B086 /* SKProductSectionController.swift */,
				A29255E3CA7E2143A24ABA05 /* SKProductViewModel.swift */,
				A2925DEAAE4D3DF33F14A4C9 /* SKProductCell.swift */,
				A292566F0C412B22AA089C7F /* Trash.swift */,
			);
			path = View;
			sourceTree = "<group>";
		};
		A29257ED9764537FF9E000B5 /* Presenter */ = {
			isa = PBXGroup;
			children = (
				A2925C70B327215F103A46A8 /* HomePresenter.swift */,
			);
			path = Presenter;
			sourceTree = "<group>";
		};
		A292594F0F2D9850854A3E78 /* Interactor */ = {
			isa = PBXGroup;
			children = (
				A2925A01B6DA8E683FE9CCF2 /* HomeInteractor.swift */,
			);
			path = Interactor;
			sourceTree = "<group>";
		};
		A2925C58D9FA3E9FEF1007A0 /* UIs */ = {
			isa = PBXGroup;
			children = (
				A29258F185BD45AACCAAF0E1 /* ListHelper.swift */,
				A29256CE203C7A287AF694A9 /* EmptyView.swift */,
			);
			path = UIs;
			sourceTree = "<group>";
		};
		A2925F3224337B5E4051BA44 /* Theme */ = {
			isa = PBXGroup;
			children = (
				A2925B83F566F438F19ACEB2 /* Stylesheet.swift */,
				A29256E5059CAE70A330CEC6 /* UIColor+Hex.swift */,
				A2925EDF2418069EDA8EC73E /* Size.swift */,
			);
			path = Theme;
			sourceTree = "<group>";
		};
		F94C167023DEDE570012B31C = {
			isa = PBXGroup;
			children = (
				F94C167B23DEDE570012B31C /* demo */,
				F94C169223DEDE590012B31C /* demoTests */,
				F94C169D23DEDE590012B31C /* demoUITests */,
				F94C167A23DEDE570012B31C /* Products */,
				F94C16B123DEF3AE0012B31C /* Frameworks */,
			);
			sourceTree = "<group>";
		};
		F94C167A23DEDE570012B31C /* Products */ = {
			isa = PBXGroup;
			children = (
				F94C167923DEDE570012B31C /* demo.app */,
				F94C168F23DEDE590012B31C /* demoTests.xctest */,
				F94C169A23DEDE590012B31C /* demoUITests.xctest */,
			);
			name = Products;
			sourceTree = "<group>";
		};
		F94C167B23DEDE570012B31C /* demo */ = {
			isa = PBXGroup;
			children = (
				F94C16AD23DEED020012B31C /* Network */,
				F94C16AC23DEE2350012B31C /* Views */,
				F94C167C23DEDE570012B31C /* AppDelegate.swift */,
				F94C167E23DEDE570012B31C /* SceneDelegate.swift */,
				F94C168523DEDE590012B31C /* Assets.xcassets */,
				F94C168723DEDE590012B31C /* LaunchScreen.storyboard */,
				F94C168A23DEDE590012B31C /* Info.plist */,
				A2925F3224337B5E4051BA44 /* Theme */,
				A2925C58D9FA3E9FEF1007A0 /* UIs */,
				A2925664AB66E04D30DE71CE /* Lib */,
			);
			path = demo;
			sourceTree = "<group>";
		};
		F94C169223DEDE590012B31C /* demoTests */ = {
			isa = PBXGroup;
			children = (
				F94C169323DEDE590012B31C /* demoTests.swift */,
				F94C169523DEDE590012B31C /* Info.plist */,
			);
			path = demoTests;
			sourceTree = "<group>";
		};
		F94C169D23DEDE590012B31C /* demoUITests */ = {
			isa = PBXGroup;
			children = (
				F94C169E23DEDE590012B31C /* demoUITests.swift */,
				F94C16A023DEDE590012B31C /* Info.plist */,
			);
			path = demoUITests;
			sourceTree = "<group>";
		};
		F94C16AC23DEE2350012B31C /* Views */ = {
			isa = PBXGroup;
			children = (
				A292517B062F10FBF8E72A84 /* Home */,
			);
			path = Views;
			sourceTree = "<group>";
		};
		F94C16AD23DEED020012B31C /* Network */ = {
			isa = PBXGroup;
			children = (
				A2925F62217D98F487944D20 /* IAPHelper.swift */,
			);
			path = Network;
			sourceTree = "<group>";
		};
		F94C16AE23DEED8D0012B31C /* Contract */ = {
			isa = PBXGroup;
			children = (
				A2925113CBE83E5218A541B0 /* HomeContract.swift */,
			);
			path = Contract;
			sourceTree = "<group>";
		};
		F94C16B123DEF3AE0012B31C /* Frameworks */ = {
			isa = PBXGroup;
			children = (
				F94C16BF23DF71ED0012B31C /* Atributika.framework */,
				F94C16BA23DEF5550012B31C /* IGListDiffKit.framework */,
				F94C16B623DEF3B40012B31C /* SnapKit.framework */,
				F94C16B223DEF3AE0012B31C /* IGListKit.framework */,
			);
			name = Frameworks;
			sourceTree = "<group>";
		};
/* End PBXGroup section */

/* Begin PBXNativeTarget section */
		F94C167823DEDE570012B31C /* demo */ = {
			isa = PBXNativeTarget;
			buildConfigurationList = F94C16A323DEDE590012B31C /* Build configuration list for PBXNativeTarget "demo" */;
			buildPhases = (
				F94C167523DEDE570012B31C /* Sources */,
				F94C167623DEDE570012B31C /* Frameworks */,
				F94C167723DEDE570012B31C /* Resources */,
				F94C16B523DEF3AE0012B31C /* Embed Frameworks */,
				F94C16B923DEF4390012B31C /* ShellScript */,
			);
			buildRules = (
			);
			dependencies = (
			);
			name = demo;
			productName = demo;
			productReference = F94C167923DEDE570012B31C /* demo.app */;
			productType = "com.apple.product-type.application";
		};
		F94C168E23DEDE590012B31C /* demoTests */ = {
			isa = PBXNativeTarget;
			buildConfigurationList = F94C16A623DEDE590012B31C /* Build configuration list for PBXNativeTarget "demoTests" */;
			buildPhases = (
				F94C168B23DEDE590012B31C /* Sources */,
				F94C168C23DEDE590012B31C /* Frameworks */,
				F94C168D23DEDE590012B31C /* Resources */,
			);
			buildRules = (
			);
			dependencies = (
				F94C169123DEDE590012B31C /* PBXTargetDependency */,
			);
			name = demoTests;
			productName = demoTests;
			productReference = F94C168F23DEDE590012B31C /* demoTests.xctest */;
			productType = "com.apple.product-type.bundle.unit-test";
		};
		F94C169923DEDE590012B31C /* demoUITests */ = {
			isa = PBXNativeTarget;
			buildConfigurationList = F94C16A923DEDE590012B31C /* Build configuration list for PBXNativeTarget "demoUITests" */;
			buildPhases = (
				F94C169623DEDE590012B31C /* Sources */,
				F94C169723DEDE590012B31C /* Frameworks */,
				F94C169823DEDE590012B31C /* Resources */,
			);
			buildRules = (
			);
			dependencies = (
				F94C169C23DEDE590012B31C /* PBXTargetDependency */,
			);
			name = demoUITests;
			productName = demoUITests;
			productReference = F94C169A23DEDE590012B31C /* demoUITests.xctest */;
			productType = "com.apple.product-type.bundle.ui-testing";
		};
/* End PBXNativeTarget section */

/* Begin PBXProject section */
		F94C167123DEDE570012B31C /* Project object */ = {
			isa = PBXProject;
			attributes = {
				LastSwiftUpdateCheck = 1130;
				LastUpgradeCheck = 1130;
				ORGANIZATIONNAME = "Pepe Unlimited Oy";
				TargetAttributes = {
					F94C167823DEDE570012B31C = {
						CreatedOnToolsVersion = 11.3.1;
					};
					F94C168E23DEDE590012B31C = {
						CreatedOnToolsVersion = 11.3.1;
						TestTargetID = F94C167823DEDE570012B31C;
					};
					F94C169923DEDE590012B31C = {
						CreatedOnToolsVersion = 11.3.1;
						TestTargetID = F94C167823DEDE570012B31C;
					};
				};
			};
			buildConfigurationList = F94C167423DEDE570012B31C /* Build configuration list for PBXProject "demo" */;
			compatibilityVersion = "Xcode 9.3";
			developmentRegion = en;
			hasScannedForEncodings = 0;
			knownRegions = (
				en,
				Base,
			);
			mainGroup = F94C167023DEDE570012B31C;
			productRefGroup = F94C167A23DEDE570012B31C /* Products */;
			projectDirPath = "";
			projectRoot = "";
			targets = (
				F94C167823DEDE570012B31C /* demo */,
				F94C168E23DEDE590012B31C /* demoTests */,
				F94C169923DEDE590012B31C /* demoUITests */,
			);
		};
/* End PBXProject section */

/* Begin PBXResourcesBuildPhase section */
		F94C167723DEDE570012B31C /* Resources */ = {
			isa = PBXResourcesBuildPhase;
			buildActionMask = 2147483647;
			files = (
				F94C168923DEDE590012B31C /* LaunchScreen.storyboard in Resources */,
				F94C168623DEDE590012B31C /* Assets.xcassets in Resources */,
			);
			runOnlyForDeploymentPostprocessing = 0;
		};
		F94C168D23DEDE590012B31C /* Resources */ = {
			isa = PBXResourcesBuildPhase;
			buildActionMask = 2147483647;
			files = (
			);
			runOnlyForDeploymentPostprocessing = 0;
		};
		F94C169823DEDE590012B31C /* Resources */ = {
			isa = PBXResourcesBuildPhase;
			buildActionMask = 2147483647;
			files = (
			);
			runOnlyForDeploymentPostprocessing = 0;
		};
/* End PBXResourcesBuildPhase section */

/* Begin PBXShellScriptBuildPhase section */
		F94C16B923DEF4390012B31C /* ShellScript */ = {
			isa = PBXShellScriptBuildPhase;
			buildActionMask = 2147483647;
			files = (
			);
			inputFileListPaths = (
			);
			inputPaths = (
				"$(SRCROOT)/Carthage/Build/iOS/IGListKit.framework",
				"$(SRCROOT)/Carthage/Build/iOS/SnapKit.framework",
				"$(SRCROOT)/Carthage/Build/iOS/IGListDiffKit.framework",
				"$(SRCROOT)/Carthage/Build/iOS/Atributika.framework",
			);
			outputFileListPaths = (
			);
			outputPaths = (
			);
			runOnlyForDeploymentPostprocessing = 0;
			shellPath = /bin/sh;
			shellScript = "# Type a script or drag a script file from your workspace to insert its path.\n/usr/local/bin/carthage copy-frameworks\n";
		};
/* End PBXShellScriptBuildPhase section */

/* Begin PBXSourcesBuildPhase section */
		F94C167523DEDE570012B31C /* Sources */ = {
			isa = PBXSourcesBuildPhase;
			buildActionMask = 2147483647;
			files = (
				F94C167D23DEDE570012B31C /* AppDelegate.swift in Sources */,
				F94C167F23DEDE570012B31C /* SceneDelegate.swift in Sources */,
				A2925C65A7630E16D04FE3FA /* HomeRoute.swift in Sources */,
				A2925774C37131538FB2329D /* HomeViewController.swift in Sources */,
				A2925214378870626DC000C0 /* HomePresenter.swift in Sources */,
				A2925B9178EC991D1B32737D /* HomeContract.swift in Sources */,
				A2925DD8195DD674506C2665 /* HomeInteractor.swift in Sources */,
				A29255182EB7858912D275D3 /* Stylesheet.swift in Sources */,
				A29254A5F8B44BB0B882FF68 /* UIColor+Hex.swift in Sources */,
				A292546AAF29E49A29BCE75E /* IAPHelper.swift in Sources */,
				A2925C0D9848BB023381CE41 /* SKProductSectionController.swift in Sources */,
				A2925E187230EAA6B5FAE20B /* SKProductViewModel.swift in Sources */,
				A29254D7FBBF44F215DD06A7 /* SKProductCell.swift in Sources */,
				A29251C0F6531BE15EE709CA /* Size.swift in Sources */,
				A2925F00CF87F301D911ABC6 /* ListHelper.swift in Sources */,
				A2925678FEA01BC5090B9D3F /* EmptyView.swift in Sources */,
				A2925302805DC381F9DDEB68 /* BindObjects.swift in Sources */,
				A2925E36DEE2CF45B8D3B595 /* RootRoute.swift in Sources */,
				A29253E2DBEA5D14A8B5AE9D /* Trash.swift in Sources */,
			);
			runOnlyForDeploymentPostprocessing = 0;
		};
		F94C168B23DEDE590012B31C /* Sources */ = {
			isa = PBXSourcesBuildPhase;
			buildActionMask = 2147483647;
			files = (
				F94C169423DEDE590012B31C /* demoTests.swift in Sources */,
			);
			runOnlyForDeploymentPostprocessing = 0;
		};
		F94C169623DEDE590012B31C /* Sources */ = {
			isa = PBXSourcesBuildPhase;
			buildActionMask = 2147483647;
			files = (
				F94C169F23DEDE590012B31C /* demoUITests.swift in Sources */,
			);
			runOnlyForDeploymentPostprocessing = 0;
		};
/* End PBXSourcesBuildPhase section */

/* Begin PBXTargetDependency section */
		F94C169123DEDE590012B31C /* PBXTargetDependency */ = {
			isa = PBXTargetDependency;
			target = F94C167823DEDE570012B31C /* demo */;
			targetProxy = F94C169023DEDE590012B31C /* PBXContainerItemProxy */;
		};
		F94C169C23DEDE590012B31C /* PBXTargetDependency */ = {
			isa = PBXTargetDependency;
			target = F94C167823DEDE570012B31C /* demo */;
			targetProxy = F94C169B23DEDE590012B31C /* PBXContainerItemProxy */;
		};
/* End PBXTargetDependency section */

/* Begin PBXVariantGroup section */
		F94C168723DEDE590012B31C /* LaunchScreen.storyboard */ = {
			isa = PBXVariantGroup;
			children = (
				F94C168823DEDE590012B31C /* Base */,
			);
			name = LaunchScreen.storyboard;
			sourceTree = "<group>";
		};
/* End PBXVariantGroup section */

/* Begin XCBuildConfiguration section */
		F94C16A123DEDE590012B31C /* Debug */ = {
			isa = XCBuildConfiguration;
			buildSettings = {
				ALWAYS_SEARCH_USER_PATHS = NO;
				CLANG_ANALYZER_NONNULL = YES;
				CLANG_ANALYZER_NUMBER_OBJECT_CONVERSION = YES_AGGRESSIVE;
				CLANG_CXX_LANGUAGE_STANDARD = "gnu++14";
				CLANG_CXX_LIBRARY = "libc++";
				CLANG_ENABLE_MODULES = YES;
				CLANG_ENABLE_OBJC_ARC = YES;
				CLANG_ENABLE_OBJC_WEAK = YES;
				CLANG_WARN_BLOCK_CAPTURE_AUTORELEASING = YES;
				CLANG_WARN_BOOL_CONVERSION = YES;
				CLANG_WARN_COMMA = YES;
				CLANG_WARN_CONSTANT_CONVERSION = YES;
				CLANG_WARN_DEPRECATED_OBJC_IMPLEMENTATIONS = YES;
				CLANG_WARN_DIRECT_OBJC_ISA_USAGE = YES_ERROR;
				CLANG_WARN_DOCUMENTATION_COMMENTS = YES;
				CLANG_WARN_EMPTY_BODY = YES;
				CLANG_WARN_ENUM_CONVERSION = YES;
				CLANG_WARN_INFINITE_RECURSION = YES;
				CLANG_WARN_INT_CONVERSION = YES;
				CLANG_WARN_NON_LITERAL_NULL_CONVERSION = YES;
				CLANG_WARN_OBJC_IMPLICIT_RETAIN_SELF = YES;
				CLANG_WARN_OBJC_LITERAL_CONVERSION = YES;
				CLANG_WARN_OBJC_ROOT_CLASS = YES_ERROR;
				CLANG_WARN_RANGE_LOOP_ANALYSIS = YES;
				CLANG_WARN_STRICT_PROTOTYPES = YES;
				CLANG_WARN_SUSPICIOUS_MOVE = YES;
				CLANG_WARN_UNGUARDED_AVAILABILITY = YES_AGGRESSIVE;
				CLANG_WARN_UNREACHABLE_CODE = YES;
				CLANG_WARN__DUPLICATE_METHOD_MATCH = YES;
				COPY_PHASE_STRIP = NO;
				DEBUG_INFORMATION_FORMAT = dwarf;
				ENABLE_STRICT_OBJC_MSGSEND = YES;
				ENABLE_TESTABILITY = YES;
				GCC_C_LANGUAGE_STANDARD = gnu11;
				GCC_DYNAMIC_NO_PIC = NO;
				GCC_NO_COMMON_BLOCKS = YES;
				GCC_OPTIMIZATION_LEVEL = 0;
				GCC_PREPROCESSOR_DEFINITIONS = (
					"DEBUG=1",
					"$(inherited)",
				);
				GCC_WARN_64_TO_32_BIT_CONVERSION = YES;
				GCC_WARN_ABOUT_RETURN_TYPE = YES_ERROR;
				GCC_WARN_UNDECLARED_SELECTOR = YES;
				GCC_WARN_UNINITIALIZED_AUTOS = YES_AGGRESSIVE;
				GCC_WARN_UNUSED_FUNCTION = YES;
				GCC_WARN_UNUSED_VARIABLE = YES;
				IPHONEOS_DEPLOYMENT_TARGET = 13.0;
				MTL_ENABLE_DEBUG_INFO = INCLUDE_SOURCE;
				MTL_FAST_MATH = YES;
				ONLY_ACTIVE_ARCH = YES;
				SDKROOT = iphoneos;
				SWIFT_ACTIVE_COMPILATION_CONDITIONS = DEBUG;
				SWIFT_OPTIMIZATION_LEVEL = "-Onone";
			};
			name = Debug;
		};
		F94C16A223DEDE590012B31C /* Release */ = {
			isa = XCBuildConfiguration;
			buildSettings = {
				ALWAYS_SEARCH_USER_PATHS = NO;
				CLANG_ANALYZER_NONNULL = YES;
				CLANG_ANALYZER_NUMBER_OBJECT_CONVERSION = YES_AGGRESSIVE;
				CLANG_CXX_LANGUAGE_STANDARD = "gnu++14";
				CLANG_CXX_LIBRARY = "libc++";
				CLANG_ENABLE_MODULES = YES;
				CLANG_ENABLE_OBJC_ARC = YES;
				CLANG_ENABLE_OBJC_WEAK = YES;
				CLANG_WARN_BLOCK_CAPTURE_AUTORELEASING = YES;
				CLANG_WARN_BOOL_CONVERSION = YES;
				CLANG_WARN_COMMA = YES;
				CLANG_WARN_CONSTANT_CONVERSION = YES;
				CLANG_WARN_DEPRECATED_OBJC_IMPLEMENTATIONS = YES;
				CLANG_WARN_DIRECT_OBJC_ISA_USAGE = YES_ERROR;
				CLANG_WARN_DOCUMENTATION_COMMENTS = YES;
				CLANG_WARN_EMPTY_BODY = YES;
				CLANG_WARN_ENUM_CONVERSION = YES;
				CLANG_WARN_INFINITE_RECURSION = YES;
				CLANG_WARN_INT_CONVERSION = YES;
				CLANG_WARN_NON_LITERAL_NULL_CONVERSION = YES;
				CLANG_WARN_OBJC_IMPLICIT_RETAIN_SELF = YES;
				CLANG_WARN_OBJC_LITERAL_CONVERSION = YES;
				CLANG_WARN_OBJC_ROOT_CLASS = YES_ERROR;
				CLANG_WARN_RANGE_LOOP_ANALYSIS = YES;
				CLANG_WARN_STRICT_PROTOTYPES = YES;
				CLANG_WARN_SUSPICIOUS_MOVE = YES;
				CLANG_WARN_UNGUARDED_AVAILABILITY = YES_AGGRESSIVE;
				CLANG_WARN_UNREACHABLE_CODE = YES;
				CLANG_WARN__DUPLICATE_METHOD_MATCH = YES;
				COPY_PHASE_STRIP = NO;
				DEBUG_INFORMATION_FORMAT = "dwarf-with-dsym";
				ENABLE_NS_ASSERTIONS = NO;
				ENABLE_STRICT_OBJC_MSGSEND = YES;
				GCC_C_LANGUAGE_STANDARD = gnu11;
				GCC_NO_COMMON_BLOCKS = YES;
				GCC_WARN_64_TO_32_BIT_CONVERSION = YES;
				GCC_WARN_ABOUT_RETURN_TYPE = YES_ERROR;
				GCC_WARN_UNDECLARED_SELECTOR = YES;
				GCC_WARN_UNINITIALIZED_AUTOS = YES_AGGRESSIVE;
				GCC_WARN_UNUSED_FUNCTION = YES;
				GCC_WARN_UNUSED_VARIABLE = YES;
				IPHONEOS_DEPLOYMENT_TARGET = 13.0;
				MTL_ENABLE_DEBUG_INFO = NO;
				MTL_FAST_MATH = YES;
				SDKROOT = iphoneos;
				SWIFT_COMPILATION_MODE = wholemodule;
				SWIFT_OPTIMIZATION_LEVEL = "-O";
				VALIDATE_PRODUCT = YES;
			};
			name = Release;
		};
		F94C16A423DEDE590012B31C /* Debug */ = {
			isa = XCBuildConfiguration;
			buildSettings = {
				ASSETCATALOG_COMPILER_APPICON_NAME = AppIcon;
				CODE_SIGN_STYLE = Automatic;
				DEVELOPMENT_TEAM = Y6U7RK782V;
				FRAMEWORK_SEARCH_PATHS = (
					"$(inherited)",
					"$(PROJECT_DIR)/Carthage/Build/iOS",
				);
				INFOPLIST_FILE = demo/Info.plist;
				LD_RUNPATH_SEARCH_PATHS = (
					"$(inherited)",
					"@executable_path/Frameworks",
				);
				PRODUCT_BUNDLE_IDENTIFIER = com.pepeunlimited.demo;
				PRODUCT_NAME = "$(TARGET_NAME)";
				SWIFT_VERSION = 5.0;
				TARGETED_DEVICE_FAMILY = "1,2";
			};
			name = Debug;
		};
		F94C16A523DEDE590012B31C /* Release */ = {
			isa = XCBuildConfiguration;
			buildSettings = {
				ASSETCATALOG_COMPILER_APPICON_NAME = AppIcon;
				CODE_SIGN_STYLE = Automatic;
				DEVELOPMENT_TEAM = Y6U7RK782V;
				FRAMEWORK_SEARCH_PATHS = (
					"$(inherited)",
					"$(PROJECT_DIR)/Carthage/Build/iOS",
				);
				INFOPLIST_FILE = demo/Info.plist;
				LD_RUNPATH_SEARCH_PATHS = (
					"$(inherited)",
					"@executable_path/Frameworks",
				);
				PRODUCT_BUNDLE_IDENTIFIER = com.pepeunlimited.demo;
				PRODUCT_NAME = "$(TARGET_NAME)";
				SWIFT_VERSION = 5.0;
				TARGETED_DEVICE_FAMILY = "1,2";
			};
			name = Release;
		};
		F94C16A723DEDE590012B31C /* Debug */ = {
			isa = XCBuildConfiguration;
			buildSettings = {
				ALWAYS_EMBED_SWIFT_STANDARD_LIBRARIES = YES;
				BUNDLE_LOADER = "$(TEST_HOST)";
				CODE_SIGN_STYLE = Automatic;
				INFOPLIST_FILE = demoTests/Info.plist;
				IPHONEOS_DEPLOYMENT_TARGET = 13.2;
				LD_RUNPATH_SEARCH_PATHS = (
					"$(inherited)",
					"@executable_path/Frameworks",
					"@loader_path/Frameworks",
				);
				PRODUCT_BUNDLE_IDENTIFIER = com.pepeunlimited.demoTests;
				PRODUCT_NAME = "$(TARGET_NAME)";
				SWIFT_VERSION = 5.0;
				TARGETED_DEVICE_FAMILY = "1,2";
				TEST_HOST = "$(BUILT_PRODUCTS_DIR)/demo.app/demo";
			};
			name = Debug;
		};
		F94C16A823DEDE590012B31C /* Release */ = {
			isa = XCBuildConfiguration;
			buildSettings = {
				ALWAYS_EMBED_SWIFT_STANDARD_LIBRARIES = YES;
				BUNDLE_LOADER = "$(TEST_HOST)";
				CODE_SIGN_STYLE = Automatic;
				INFOPLIST_FILE = demoTests/Info.plist;
				IPHONEOS_DEPLOYMENT_TARGET = 13.2;
				LD_RUNPATH_SEARCH_PATHS = (
					"$(inherited)",
					"@executable_path/Frameworks",
					"@loader_path/Frameworks",
				);
				PRODUCT_BUNDLE_IDENTIFIER = com.pepeunlimited.demoTests;
				PRODUCT_NAME = "$(TARGET_NAME)";
				SWIFT_VERSION = 5.0;
				TARGETED_DEVICE_FAMILY = "1,2";
				TEST_HOST = "$(BUILT_PRODUCTS_DIR)/demo.app/demo";
			};
			name = Release;
		};
		F94C16AA23DEDE590012B31C /* Debug */ = {
			isa = XCBuildConfiguration;
			buildSettings = {
				ALWAYS_EMBED_SWIFT_STANDARD_LIBRARIES = YES;
				CODE_SIGN_STYLE = Automatic;
				INFOPLIST_FILE = demoUITests/Info.plist;
				LD_RUNPATH_SEARCH_PATHS = (
					"$(inherited)",
					"@executable_path/Frameworks",
					"@loader_path/Frameworks",
				);
				PRODUCT_BUNDLE_IDENTIFIER = com.pepeunlimited.demoUITests;
				PRODUCT_NAME = "$(TARGET_NAME)";
				SWIFT_VERSION = 5.0;
				TARGETED_DEVICE_FAMILY = "1,2";
				TEST_TARGET_NAME = demo;
			};
			name = Debug;
		};
		F94C16AB23DEDE590012B31C /* Release */ = {
			isa = XCBuildConfiguration;
			buildSettings = {
				ALWAYS_EMBED_SWIFT_STANDARD_LIBRARIES = YES;
				CODE_SIGN_STYLE = Automatic;
				INFOPLIST_FILE = demoUITests/Info.plist;
				LD_RUNPATH_SEARCH_PATHS = (
					"$(inherited)",
					"@executable_path/Frameworks",
					"@loader_path/Frameworks",
				);
				PRODUCT_BUNDLE_IDENTIFIER = com.pepeunlimited.demoUITests;
				PRODUCT_NAME = "$(TARGET_NAME)";
				SWIFT_VERSION = 5.0;
				TARGETED_DEVICE_FAMILY = "1,2";
				TEST_TARGET_NAME = demo;
			};
			name = Release;
		};
/* End XCBuildConfiguration section */

/* Begin XCConfigurationList section */
		F94C167423DEDE570012B31C /* Build configuration list for PBXProject "demo" */ = {
			isa = XCConfigurationList;
			buildConfigurations = (
				F94C16A123DEDE590012B31C /* Debug */,
				F94C16A223DEDE590012B31C /* Release */,
			);
			defaultConfigurationIsVisible = 0;
			defaultConfigurationName = Release;
		};
		F94C16A323DEDE590012B31C /* Build configuration list for PBXNativeTarget "demo" */ = {
			isa = XCConfigurationList;
			buildConfigurations = (
				F94C16A423DEDE590012B31C /* Debug */,
				F94C16A523DEDE590012B31C /* Release */,
			);
			defaultConfigurationIsVisible = 0;
			defaultConfigurationName = Release;
		};
		F94C16A623DEDE590012B31C /* Build configuration list for PBXNativeTarget "demoTests" */ = {
			isa = XCConfigurationList;
			buildConfigurations = (
				F94C16A723DEDE590012B31C /* Debug */,
				F94C16A823DEDE590012B31C /* Release */,
			);
			defaultConfigurationIsVisible = 0;
			defaultConfigurationName = Release;
		};
		F94C16A923DEDE590012B31C /* Build configuration list for PBXNativeTarget "demoUITests" */ = {
			isa = XCConfigurationList;
			buildConfigurations = (
				F94C16AA23DEDE590012B31C /* Debug */,
				F94C16AB23DEDE590012B31C /* Release */,
			);
			defaultConfigurationIsVisible = 0;
			defaultConfigurationName = Release;
		};
/* End XCConfigurationList section */
	};
	rootObject = F94C167123DEDE570012B31C /* Project object */;
}
