// !$*UTF8*$!
{
	archiveVersion = 1;
	classes = {
	};
	objectVersion = 50;
	objects = {

/* Begin PBXBuildFile section */
		F94C167D23DEDE570012B31C /* AppDelegate.swift in Sources */ = {isa = PBXBuildFile; fileRef = F94C167C23DEDE570012B31C /* AppDelegate.swift */; };
		F94C167F23DEDE570012B31C /* SceneDelegate.swift in Sources */ = {isa = PBXBuildFile; fileRef = F94C167E23DEDE570012B31C /* SceneDelegate.swift */; };
		F94C168123DEDE570012B31C /* ViewController.swift in Sources */ = {isa = PBXBuildFile; fileRef = F94C168023DEDE570012B31C /* ViewController.swift */; };
		F94C168423DEDE570012B31C /* Main.storyboard in Resources */ = {isa = PBXBuildFile; fileRef = F94C168223DEDE570012B31C /* Main.storyboard */; };
		F94C168623DEDE590012B31C /* Assets.xcassets in Resources */ = {isa = PBXBuildFile; fileRef = F94C168523DEDE590012B31C /* Assets.xcassets */; };
		F94C168923DEDE590012B31C /* LaunchScreen.storyboard in Resources */ = {isa = PBXBuildFile; fileRef = F94C168723DEDE590012B31C /* LaunchScreen.storyboard */; };
		F94C169423DEDE590012B31C /* demoTests.swift in Sources */ = {isa = PBXBuildFile; fileRef = F94C169323DEDE590012B31C /* demoTests.swift */; };
		F94C169F23DEDE590012B31C /* demoUITests.swift in Sources */ = {isa = PBXBuildFile; fileRef = F94C169E23DEDE590012B31C /* demoUITests.swift */; };
/* End PBXBuildFile section */

/* Begin PBXContainerItemProxy section */
		F94C169023DEDE590012B31C /* PBXContainerItemProxy */ = {
			isa = PBXContainerItemProxy;
			containerPortal = F94C167123DEDE570012B31C /* Project object */;
			proxyType = 1;
			remoteGlobalIDString = F94C167823DEDE570012B31C;
			remoteInfo = demo;
		};
		F94C169B23DEDE590012B31C /* PBXContainerItemProxy */ = {
			isa = PBXContainerItemProxy;
			containerPortal = F94C167123DEDE570012B31C /* Project object */;
			proxyType = 1;
			remoteGlobalIDString = F94C167823DEDE570012B31C;
			remoteInfo = demo;
		};
/* End PBXContainerItemProxy section */

/* Begin PBXFileReference section */
		F94C167923DEDE570012B31C /* demo.app */ = {isa = PBXFileReference; explicitFileType = wrapper.application; includeInIndex = 0; path = demo.app; sourceTree = BUILT_PRODUCTS_DIR; };
		F94C167C23DEDE570012B31C /* AppDelegate.swift */ = {isa = PBXFileReference; lastKnownFileType = sourcecode.swift; path = AppDelegate.swift; sourceTree = "<group>"; };
		F94C167E23DEDE570012B31C /* SceneDelegate.swift */ = {isa = PBXFileReference; lastKnownFileType = sourcecode.swift; path = SceneDelegate.swift; sourceTree = "<group>"; };
		F94C168023DEDE570012B31C /* ViewController.swift */ = {isa = PBXFileReference; lastKnownFileType = sourcecode.swift; path = ViewController.swift; sourceTree = "<group>"; };
		F94C168323DEDE570012B31C /* Base */ = {isa = PBXFileReference; lastKnownFileType = file.storyboard; name = Base; path = Base.lproj/Main.storyboard; sourceTree = "<group>"; };
		F94C168523DEDE590012B31C /* Assets.xcassets */ = {isa = PBXFileReference; lastKnownFileType = folder.assetcatalog; path = Assets.xcassets; sourceTree = "<group>"; };
		F94C168823DEDE590012B31C /* Base */ = {isa = PBXFileReference; lastKnownFileType = file.storyboard; name = Base; path = Base.lproj/LaunchScreen.storyboard; sourceTree = "<group>"; };
		F94C168A23DEDE590012B31C /* Info.plist */ = {isa = PBXFileReference; lastKnownFileType = text.plist.xml; path = Info.plist; sourceTree = "<group>"; };
		F94C168F23DEDE590012B31C /* demoTests.xctest */ = {isa = PBXFileReference; explicitFileType = wrapper.cfbundle; includeInIndex = 0; path = demoTests.xctest; sourceTree = BUILT_PRODUCTS_DIR; };
		F94C169323DEDE590012B31C /* demoTests.swift */ = {isa = PBXFileReference; lastKnownFileType = sourcecode.swift; path = demoTests.swift; sourceTree = "<group>"; };
		F94C169523DEDE590012B31C /* Info.plist */ = {isa = PBXFileReference; lastKnownFileType = text.plist.xml; path = Info.plist; sourceTree = "<group>"; };
		F94C169A23DEDE590012B31C /* demoUITests.xctest */ = {isa = PBXFileReference; explicitFileType = wrapper.cfbundle; includeInIndex = 0; path = demoUITests.xctest; sourceTree = BUILT_PRODUCTS_DIR; };
		F94C169E23DEDE590012B31C /* demoUITests.swift */ = {isa = PBXFileReference; lastKnownFileType = sourcecode.swift; path = demoUITests.swift; sourceTree = "<group>"; };
		F94C16A023DEDE590012B31C /* Info.plist */ = {isa = PBXFileReference; lastKnownFileType = text.plist.xml; path = Info.plist; sourceTree = "<group>"; };
/* End PBXFileReference section */

/* Begin PBXFrameworksBuildPhase section */
		F94C167623DEDE570012B31C /* Frameworks */ = {
			isa = PBXFrameworksBuildPhase;
			buildActionMask = 2147483647;
			files = (
			);
			runOnlyForDeploymentPostprocessing = 0;
		};
		F94C168C23DEDE590012B31C /* Frameworks */ = {
			isa = PBXFrameworksBuildPhase;
			buildActionMask = 2147483647;
			files = (
			);
			runOnlyForDeploymentPostprocessing = 0;
		};
		F94C169723DEDE590012B31C /* Frameworks */ = {
			isa = PBXFrameworksBuildPhase;
			buildActionMask = 2147483647;
			files = (
			);
			runOnlyForDeploymentPostprocessing = 0;
		};
/* End PBXFrameworksBuildPhase section */

/* Begin PBXGroup section */
		F94C167023DEDE570012B31C = {
			isa = PBXGroup;
			children = (
				F94C167B23DEDE570012B31C /* demo */,
				F94C169223DEDE590012B31C /* demoTests */,
				F94C169D23DEDE590012B31C /* demoUITests */,
				F94C167A23DEDE570012B31C /* Products */,
			);
			sourceTree = "<group>";
		};
		F94C167A23DEDE570012B31C /* Products */ = {
			isa = PBXGroup;
			children = (
				F94C167923DEDE570012B31C /* demo.app */,
				F94C168F23DEDE590012B31C /* demoTests.xctest */,
				F94C169A23DEDE590012B31C /* demoUITests.xctest */,
			);
			name = Products;
			sourceTree = "<group>";
		};
		F94C167B23DEDE570012B31C /* demo */ = {
			isa = PBXGroup;
			children = (
				F94C167C23DEDE570012B31C /* AppDelegate.swift */,
				F94C167E23DEDE570012B31C /* SceneDelegate.swift */,
				F94C168023DEDE570012B31C /* ViewController.swift */,
				F94C168223DEDE570012B31C /* Main.storyboard */,
				F94C168523DEDE590012B31C /* Assets.xcassets */,
				F94C168723DEDE590012B31C /* LaunchScreen.storyboard */,
				F94C168A23DEDE590012B31C /* Info.plist */,
			);
			path = demo;
			sourceTree = "<group>";
		};
		F94C169223DEDE590012B31C /* demoTests */ = {
			isa = PBXGroup;
			children = (
				F94C169323DEDE590012B31C /* demoTests.swift */,
				F94C169523DEDE590012B31C /* Info.plist */,
			);
			path = demoTests;
			sourceTree = "<group>";
		};
		F94C169D23DEDE590012B31C /* demoUITests */ = {
			isa = PBXGroup;
			children = (
				F94C169E23DEDE590012B31C /* demoUITests.swift */,
				F94C16A023DEDE590012B31C /* Info.plist */,
			);
			path = demoUITests;
			sourceTree = "<group>";
		};
/* End PBXGroup section */

/* Begin PBXNativeTarget section */
		F94C167823DEDE570012B31C /* demo */ = {
			isa = PBXNativeTarget;
			buildConfigurationList = F94C16A323DEDE590012B31C /* Build configuration list for PBXNativeTarget "demo" */;
			buildPhases = (
				F94C167523DEDE570012B31C /* Sources */,
				F94C167623DEDE570012B31C /* Frameworks */,
				F94C167723DEDE570012B31C /* Resources */,
			);
			buildRules = (
			);
			dependencies = (
			);
			name = demo;
			productName = demo;
			productReference = F94C167923DEDE570012B31C /* demo.app */;
			productType = "com.apple.product-type.application";
		};
		F94C168E23DEDE590012B31C /* demoTests */ = {
			isa = PBXNativeTarget;
			buildConfigurationList = F94C16A623DEDE590012B31C /* Build configuration list for PBXNativeTarget "demoTests" */;
			buildPhases = (
				F94C168B23DEDE590012B31C /* Sources */,
				F94C168C23DEDE590012B31C /* Frameworks */,
				F94C168D23DEDE590012B31C /* Resources */,
			);
			buildRules = (
			);
			dependencies = (
				F94C169123DEDE590012B31C /* PBXTargetDependency */,
			);
			name = demoTests;
			productName = demoTests;
			productReference = F94C168F23DEDE590012B31C /* demoTests.xctest */;
			productType = "com.apple.product-type.bundle.unit-test";
		};
		F94C169923DEDE590012B31C /* demoUITests */ = {
			isa = PBXNativeTarget;
			buildConfigurationList = F94C16A923DEDE590012B31C /* Build configuration list for PBXNativeTarget "demoUITests" */;
			buildPhases = (
				F94C169623DEDE590012B31C /* Sources */,
				F94C169723DEDE590012B31C /* Frameworks */,
				F94C169823DEDE590012B31C /* Resources */,
			);
			buildRules = (
			);
			dependencies = (
				F94C169C23DEDE590012B31C /* PBXTargetDependency */,
			);
			name = demoUITests;
			productName = demoUITests;
			productReference = F94C169A23DEDE590012B31C /* demoUITests.xctest */;
			productType = "com.apple.product-type.bundle.ui-testing";
		};
/* End PBXNativeTarget section */

/* Begin PBXProject section */
		F94C167123DEDE570012B31C /* Project object */ = {
			isa = PBXProject;
			attributes = {
				LastSwiftUpdateCheck = 1130;
				LastUpgradeCheck = 1130;
				ORGANIZATIONNAME = "Pepe Unlimited Oy";
				TargetAttributes = {
					F94C167823DEDE570012B31C = {
						CreatedOnToolsVersion = 11.3.1;
					};
					F94C168E23DEDE590012B31C = {
						CreatedOnToolsVersion = 11.3.1;
						TestTargetID = F94C167823DEDE570012B31C;
					};
					F94C169923DEDE590012B31C = {
						CreatedOnToolsVersion = 11.3.1;
						TestTargetID = F94C167823DEDE570012B31C;
					};
				};
			};
			buildConfigurationList = F94C167423DEDE570012B31C /* Build configuration list for PBXProject "demo" */;
			compatibilityVersion = "Xcode 9.3";
			developmentRegion = en;
			hasScannedForEncodings = 0;
			knownRegions = (
				en,
				Base,
			);
			mainGroup = F94C167023DEDE570012B31C;
			productRefGroup = F94C167A23DEDE570012B31C /* Products */;
			projectDirPath = "";
			projectRoot = "";
			targets = (
				F94C167823DEDE570012B31C /* demo */,
				F94C168E23DEDE590012B31C /* demoTests */,
				F94C169923DEDE590012B31C /* demoUITests */,
			);
		};
/* End PBXProject section */

/* Begin PBXResourcesBuildPhase section */
		F94C167723DEDE570012B31C /* Resources */ = {
			isa = PBXResourcesBuildPhase;
			buildActionMask = 2147483647;
			files = (
				F94C168923DEDE590012B31C /* LaunchScreen.storyboard in Resources */,
				F94C168623DEDE590012B31C /* Assets.xcassets in Resources */,
				F94C168423DEDE570012B31C /* Main.storyboard in Resources */,
			);
			runOnlyForDeploymentPostprocessing = 0;
		};
		F94C168D23DEDE590012B31C /* Resources */ = {
			isa = PBXResourcesBuildPhase;
			buildActionMask = 2147483647;
			files = (
			);
			runOnlyForDeploymentPostprocessing = 0;
		};
		F94C169823DEDE590012B31C /* Resources */ = {
			isa = PBXResourcesBuildPhase;
			buildActionMask = 2147483647;
			files = (
			);
			runOnlyForDeploymentPostprocessing = 0;
		};
/* End PBXResourcesBuildPhase section */

/* Begin PBXSourcesBuildPhase section */
		F94C167523DEDE570012B31C /* Sources */ = {
			isa = PBXSourcesBuildPhase;
			buildActionMask = 2147483647;
			files = (
				F94C168123DEDE570012B31C /* ViewController.swift in Sources */,
				F94C167D23DEDE570012B31C /* AppDelegate.swift in Sources */,
				F94C167F23DEDE570012B31C /* SceneDelegate.swift in Sources */,
			);
			runOnlyForDeploymentPostprocessing = 0;
		};
		F94C168B23DEDE590012B31C /* Sources */ = {
			isa = PBXSourcesBuildPhase;
			buildActionMask = 2147483647;
			files = (
				F94C169423DEDE590012B31C /* demoTests.swift in Sources */,
			);
			runOnlyForDeploymentPostprocessing = 0;
		};
		F94C169623DEDE590012B31C /* Sources */ = {
			isa = PBXSourcesBuildPhase;
			buildActionMask = 2147483647;
			files = (
				F94C169F23DEDE590012B31C /* demoUITests.swift in Sources */,
			);
			runOnlyForDeploymentPostprocessing = 0;
		};
/* End PBXSourcesBuildPhase section */

/* Begin PBXTargetDependency section */
		F94C169123DEDE590012B31C /* PBXTargetDependency */ = {
			isa = PBXTargetDependency;
			target = F94C167823DEDE570012B31C /* demo */;
			targetProxy = F94C169023DEDE590012B31C /* PBXContainerItemProxy */;
		};
		F94C169C23DEDE590012B31C /* PBXTargetDependency */ = {
			isa = PBXTargetDependency;
			target = F94C167823DEDE570012B31C /* demo */;
			targetProxy = F94C169B23DEDE590012B31C /* PBXContainerItemProxy */;
		};
/* End PBXTargetDependency section */

/* Begin PBXVariantGroup section */
		F94C168223DEDE570012B31C /* Main.storyboard */ = {
			isa = PBXVariantGroup;
			children = (
				F94C168323DEDE570012B31C /* Base */,
			);
			name = Main.storyboard;
			sourceTree = "<group>";
		};
		F94C168723DEDE590012B31C /* LaunchScreen.storyboard */ = {
			isa = PBXVariantGroup;
			children = (
				F94C168823DEDE590012B31C /* Base */,
			);
			name = LaunchScreen.storyboard;
			sourceTree = "<group>";
		};
/* End PBXVariantGroup section */

/* Begin XCBuildConfiguration section */
		F94C16A123DEDE590012B31C /* Debug */ = {
			isa = XCBuildConfiguration;
			buildSettings = {
				ALWAYS_SEARCH_USER_PATHS = NO;
				CLANG_ANALYZER_NONNULL = YES;
				CLANG_ANALYZER_NUMBER_OBJECT_CONVERSION = YES_AGGRESSIVE;
				CLANG_CXX_LANGUAGE_STANDARD = "gnu++14";
				CLANG_CXX_LIBRARY = "libc++";
				CLANG_ENABLE_MODULES = YES;
				CLANG_ENABLE_OBJC_ARC = YES;
				CLANG_ENABLE_OBJC_WEAK = YES;
				CLANG_WARN_BLOCK_CAPTURE_AUTORELEASING = YES;
				CLANG_WARN_BOOL_CONVERSION = YES;
				CLANG_WARN_COMMA = YES;
				CLANG_WARN_CONSTANT_CONVERSION = YES;
				CLANG_WARN_DEPRECATED_OBJC_IMPLEMENTATIONS = YES;
				CLANG_WARN_DIRECT_OBJC_ISA_USAGE = YES_ERROR;
				CLANG_WARN_DOCUMENTATION_COMMENTS = YES;
				CLANG_WARN_EMPTY_BODY = YES;
				CLANG_WARN_ENUM_CONVERSION = YES;
				CLANG_WARN_INFINITE_RECURSION = YES;
				CLANG_WARN_INT_CONVERSION = YES;
				CLANG_WARN_NON_LITERAL_NULL_CONVERSION = YES;
				CLANG_WARN_OBJC_IMPLICIT_RETAIN_SELF = YES;
				CLANG_WARN_OBJC_LITERAL_CONVERSION = YES;
				CLANG_WARN_OBJC_ROOT_CLASS = YES_ERROR;
				CLANG_WARN_RANGE_LOOP_ANALYSIS = YES;
				CLANG_WARN_STRICT_PROTOTYPES = YES;
				CLANG_WARN_SUSPICIOUS_MOVE = YES;
				CLANG_WARN_UNGUARDED_AVAILABILITY = YES_AGGRESSIVE;
				CLANG_WARN_UNREACHABLE_CODE = YES;
				CLANG_WARN__DUPLICATE_METHOD_MATCH = YES;
				COPY_PHASE_STRIP = NO;
				DEBUG_INFORMATION_FORMAT = dwarf;
				ENABLE_STRICT_OBJC_MSGSEND = YES;
				ENABLE_TESTABILITY = YES;
				GCC_C_LANGUAGE_STANDARD = gnu11;
				GCC_DYNAMIC_NO_PIC = NO;
				GCC_NO_COMMON_BLOCKS = YES;
				GCC_OPTIMIZATION_LEVEL = 0;
				GCC_PREPROCESSOR_DEFINITIONS = (
					"DEBUG=1",
					"$(inherited)",
				);
				GCC_WARN_64_TO_32_BIT_CONVERSION = YES;
				GCC_WARN_ABOUT_RETURN_TYPE = YES_ERROR;
				GCC_WARN_UNDECLARED_SELECTOR = YES;
				GCC_WARN_UNINITIALIZED_AUTOS = YES_AGGRESSIVE;
				GCC_WARN_UNUSED_FUNCTION = YES;
				GCC_WARN_UNUSED_VARIABLE = YES;
				IPHONEOS_DEPLOYMENT_TARGET = 13.2;
				MTL_ENABLE_DEBUG_INFO = INCLUDE_SOURCE;
				MTL_FAST_MATH = YES;
				ONLY_ACTIVE_ARCH = YES;
				SDKROOT = iphoneos;
				SWIFT_ACTIVE_COMPILATION_CONDITIONS = DEBUG;
				SWIFT_OPTIMIZATION_LEVEL = "-Onone";
			};
			name = Debug;
		};
		F94C16A223DEDE590012B31C /* Release */ = {
			isa = XCBuildConfiguration;
			buildSettings = {
				ALWAYS_SEARCH_USER_PATHS = NO;
				CLANG_ANALYZER_NONNULL = YES;
				CLANG_ANALYZER_NUMBER_OBJECT_CONVERSION = YES_AGGRESSIVE;
				CLANG_CXX_LANGUAGE_STANDARD = "gnu++14";
				CLANG_CXX_LIBRARY = "libc++";
				CLANG_ENABLE_MODULES = YES;
				CLANG_ENABLE_OBJC_ARC = YES;
				CLANG_ENABLE_OBJC_WEAK = YES;
				CLANG_WARN_BLOCK_CAPTURE_AUTORELEASING = YES;
				CLANG_WARN_BOOL_CONVERSION = YES;
				CLANG_WARN_COMMA = YES;
				CLANG_WARN_CONSTANT_CONVERSION = YES;
				CLANG_WARN_DEPRECATED_OBJC_IMPLEMENTATIONS = YES;
				CLANG_WARN_DIRECT_OBJC_ISA_USAGE = YES_ERROR;
				CLANG_WARN_DOCUMENTATION_COMMENTS = YES;
				CLANG_WARN_EMPTY_BODY = YES;
				CLANG_WARN_ENUM_CONVERSION = YES;
				CLANG_WARN_INFINITE_RECURSION = YES;
				CLANG_WARN_INT_CONVERSION = YES;
				CLANG_WARN_NON_LITERAL_NULL_CONVERSION = YES;
				CLANG_WARN_OBJC_IMPLICIT_RETAIN_SELF = YES;
				CLANG_WARN_OBJC_LITERAL_CONVERSION = YES;
				CLANG_WARN_OBJC_ROOT_CLASS = YES_ERROR;
				CLANG_WARN_RANGE_LOOP_ANALYSIS = YES;
				CLANG_WARN_STRICT_PROTOTYPES = YES;
				CLANG_WARN_SUSPICIOUS_MOVE = YES;
				CLANG_WARN_UNGUARDED_AVAILABILITY = YES_AGGRESSIVE;
				CLANG_WARN_UNREACHABLE_CODE = YES;
				CLANG_WARN__DUPLICATE_METHOD_MATCH = YES;
				COPY_PHASE_STRIP = NO;
				DEBUG_INFORMATION_FORMAT = "dwarf-with-dsym";
				ENABLE_NS_ASSERTIONS = NO;
				ENABLE_STRICT_OBJC_MSGSEND = YES;
				GCC_C_LANGUAGE_STANDARD = gnu11;
				GCC_NO_COMMON_BLOCKS = YES;
				GCC_WARN_64_TO_32_BIT_CONVERSION = YES;
				GCC_WARN_ABOUT_RETURN_TYPE = YES_ERROR;
				GCC_WARN_UNDECLARED_SELECTOR = YES;
				GCC_WARN_UNINITIALIZED_AUTOS = YES_AGGRESSIVE;
				GCC_WARN_UNUSED_FUNCTION = YES;
				GCC_WARN_UNUSED_VARIABLE = YES;
				IPHONEOS_DEPLOYMENT_TARGET = 13.2;
				MTL_ENABLE_DEBUG_INFO = NO;
				MTL_FAST_MATH = YES;
				SDKROOT = iphoneos;
				SWIFT_COMPILATION_MODE = wholemodule;
				SWIFT_OPTIMIZATION_LEVEL = "-O";
				VALIDATE_PRODUCT = YES;
			};
			name = Release;
		};
		F94C16A423DEDE590012B31C /* Debug */ = {
			isa = XCBuildConfiguration;
			buildSettings = {
				ASSETCATALOG_COMPILER_APPICON_NAME = AppIcon;
				CODE_SIGN_STYLE = Automatic;
				INFOPLIST_FILE = demo/Info.plist;
				LD_RUNPATH_SEARCH_PATHS = (
					"$(inherited)",
					"@executable_path/Frameworks",
				);
				PRODUCT_BUNDLE_IDENTIFIER = com.pepeunlimited.demo;
				PRODUCT_NAME = "$(TARGET_NAME)";
				SWIFT_VERSION = 5.0;
				TARGETED_DEVICE_FAMILY = "1,2";
			};
			name = Debug;
		};
		F94C16A523DEDE590012B31C /* Release */ = {
			isa = XCBuildConfiguration;
			buildSettings = {
				ASSETCATALOG_COMPILER_APPICON_NAME = AppIcon;
				CODE_SIGN_STYLE = Automatic;
				INFOPLIST_FILE = demo/Info.plist;
				LD_RUNPATH_SEARCH_PATHS = (
					"$(inherited)",
					"@executable_path/Frameworks",
				);
				PRODUCT_BUNDLE_IDENTIFIER = com.pepeunlimited.demo;
				PRODUCT_NAME = "$(TARGET_NAME)";
				SWIFT_VERSION = 5.0;
				TARGETED_DEVICE_FAMILY = "1,2";
			};
			name = Release;
		};
		F94C16A723DEDE590012B31C /* Debug */ = {
			isa = XCBuildConfiguration;
			buildSettings = {
				ALWAYS_EMBED_SWIFT_STANDARD_LIBRARIES = YES;
				BUNDLE_LOADER = "$(TEST_HOST)";
				CODE_SIGN_STYLE = Automatic;
				INFOPLIST_FILE = demoTests/Info.plist;
				IPHONEOS_DEPLOYMENT_TARGET = 13.2;
				LD_RUNPATH_SEARCH_PATHS = (
					"$(inherited)",
					"@executable_path/Frameworks",
					"@loader_path/Frameworks",
				);
				PRODUCT_BUNDLE_IDENTIFIER = com.pepeunlimited.demoTests;
				PRODUCT_NAME = "$(TARGET_NAME)";
				SWIFT_VERSION = 5.0;
				TARGETED_DEVICE_FAMILY = "1,2";
				TEST_HOST = "$(BUILT_PRODUCTS_DIR)/demo.app/demo";
			};
			name = Debug;
		};
		F94C16A823DEDE590012B31C /* Release */ = {
			isa = XCBuildConfiguration;
			buildSettings = {
				ALWAYS_EMBED_SWIFT_STANDARD_LIBRARIES = YES;
				BUNDLE_LOADER = "$(TEST_HOST)";
				CODE_SIGN_STYLE = Automatic;
				INFOPLIST_FILE = demoTests/Info.plist;
				IPHONEOS_DEPLOYMENT_TARGET = 13.2;
				LD_RUNPATH_SEARCH_PATHS = (
					"$(inherited)",
					"@executable_path/Frameworks",
					"@loader_path/Frameworks",
				);
				PRODUCT_BUNDLE_IDENTIFIER = com.pepeunlimited.demoTests;
				PRODUCT_NAME = "$(TARGET_NAME)";
				SWIFT_VERSION = 5.0;
				TARGETED_DEVICE_FAMILY = "1,2";
				TEST_HOST = "$(BUILT_PRODUCTS_DIR)/demo.app/demo";
			};
			name = Release;
		};
		F94C16AA23DEDE590012B31C /* Debug */ = {
			isa = XCBuildConfiguration;
			buildSettings = {
				ALWAYS_EMBED_SWIFT_STANDARD_LIBRARIES = YES;
				CODE_SIGN_STYLE = Automatic;
				INFOPLIST_FILE = demoUITests/Info.plist;
				LD_RUNPATH_SEARCH_PATHS = (
					"$(inherited)",
					"@executable_path/Frameworks",
					"@loader_path/Frameworks",
				);
				PRODUCT_BUNDLE_IDENTIFIER = com.pepeunlimited.demoUITests;
				PRODUCT_NAME = "$(TARGET_NAME)";
				SWIFT_VERSION = 5.0;
				TARGETED_DEVICE_FAMILY = "1,2";
				TEST_TARGET_NAME = demo;
			};
			name = Debug;
		};
		F94C16AB23DEDE590012B31C /* Release */ = {
			isa = XCBuildConfiguration;
			buildSettings = {
				ALWAYS_EMBED_SWIFT_STANDARD_LIBRARIES = YES;
				CODE_SIGN_STYLE = Automatic;
				INFOPLIST_FILE = demoUITests/Info.plist;
				LD_RUNPATH_SEARCH_PATHS = (
					"$(inherited)",
					"@executable_path/Frameworks",
					"@loader_path/Frameworks",
				);
				PRODUCT_BUNDLE_IDENTIFIER = com.pepeunlimited.demoUITests;
				PRODUCT_NAME = "$(TARGET_NAME)";
				SWIFT_VERSION = 5.0;
				TARGETED_DEVICE_FAMILY = "1,2";
				TEST_TARGET_NAME = demo;
			};
			name = Release;
		};
/* End XCBuildConfiguration section */

/* Begin XCConfigurationList section */
		F94C167423DEDE570012B31C /* Build configuration list for PBXProject "demo" */ = {
			isa = XCConfigurationList;
			buildConfigurations = (
				F94C16A123DEDE590012B31C /* Debug */,
				F94C16A223DEDE590012B31C /* Release */,
			);
			defaultConfigurationIsVisible = 0;
			defaultConfigurationName = Release;
		};
		F94C16A323DEDE590012B31C /* Build configuration list for PBXNativeTarget "demo" */ = {
			isa = XCConfigurationList;
			buildConfigurations = (
				F94C16A423DEDE590012B31C /* Debug */,
				F94C16A523DEDE590012B31C /* Release */,
			);
			defaultConfigurationIsVisible = 0;
			defaultConfigurationName = Release;
		};
		F94C16A623DEDE590012B31C /* Build configuration list for PBXNativeTarget "demoTests" */ = {
			isa = XCConfigurationList;
			buildConfigurations = (
				F94C16A723DEDE590012B31C /* Debug */,
				F94C16A823DEDE590012B31C /* Release */,
			);
			defaultConfigurationIsVisible = 0;
			defaultConfigurationName = Release;
		};
		F94C16A923DEDE590012B31C /* Build configuration list for PBXNativeTarget "demoUITests" */ = {
			isa = XCConfigurationList;
			buildConfigurations = (
				F94C16AA23DEDE590012B31C /* Debug */,
				F94C16AB23DEDE590012B31C /* Release */,
			);
			defaultConfigurationIsVisible = 0;
			defaultConfigurationName = Release;
		};
/* End XCConfigurationList section */
	};
	rootObject = F94C167123DEDE570012B31C /* Project object */;
}
